
Microsoft Visual Studio Solution File, Format Version 12.00
# Visual Studio Version 17
VisualStudioVersion = 17.4.33403.182
MinimumVisualStudioVersion = 10.0.40219.1
Project("{9A19103F-16F7-4668-BE54-9A1E7A4F7556}") = "Dreamcore Horror Game API Server", "Dreamcore Horror Game API Server\Dreamcore Horror Game API Server.csproj", "{C02AA169-D038-41CF-A46B-7103AF9B14AB}"
EndProject
Project("{54A90642-561A-4BB1-A94E-469ADEE60C69}") = "application-for-developers", "application-for-developers\application-for-developers.esproj", "{735887D7-D010-48A1-9C13-16177EEF4814}"
EndProject
Project("{9A19103F-16F7-4668-BE54-9A1E7A4F7556}") = "Dreamcore Horror Game Statistics Server", "Dreamcore Horror Game Statistics Server\Dreamcore Horror Game Statistics Server.csproj", "{7ECC5515-7682-41DC-B68C-EDC0CC6026A9}"
EndProject
Project("{9A19103F-16F7-4668-BE54-9A1E7A4F7556}") = "Dreamcore Horror Game Email Server", "Dreamcore Horror Game Email Server\Dreamcore Horror Game Email Server.csproj", "{FF2461DA-6830-407B-99AD-5F5F935289E5}"
EndProject
Global
	GlobalSection(SolutionConfigurationPlatforms) = preSolution
		Debug|Any CPU = Debug|Any CPU
		Debug|x64 = Debug|x64
		Release|Any CPU = Release|Any CPU
		Release|x64 = Release|x64
	EndGlobalSection
	GlobalSection(ProjectConfigurationPlatforms) = postSolution
		{C02AA169-D038-41CF-A46B-7103AF9B14AB}.Debug|Any CPU.ActiveCfg = Debug|Any CPU
		{C02AA169-D038-41CF-A46B-7103AF9B14AB}.Debug|Any CPU.Build.0 = Debug|Any CPU
		{C02AA169-D038-41CF-A46B-7103AF9B14AB}.Debug|x64.ActiveCfg = Debug|Any CPU
		{C02AA169-D038-41CF-A46B-7103AF9B14AB}.Debug|x64.Build.0 = Debug|Any CPU
		{C02AA169-D038-41CF-A46B-7103AF9B14AB}.Release|Any CPU.ActiveCfg = Release|Any CPU
		{C02AA169-D038-41CF-A46B-7103AF9B14AB}.Release|Any CPU.Build.0 = Release|Any CPU
		{C02AA169-D038-41CF-A46B-7103AF9B14AB}.Release|x64.ActiveCfg = Release|Any CPU
		{C02AA169-D038-41CF-A46B-7103AF9B14AB}.Release|x64.Build.0 = Release|Any CPU
		{735887D7-D010-48A1-9C13-16177EEF4814}.Debug|Any CPU.ActiveCfg = Debug|Any CPU
		{735887D7-D010-48A1-9C13-16177EEF4814}.Debug|Any CPU.Build.0 = Debug|Any CPU
		{735887D7-D010-48A1-9C13-16177EEF4814}.Debug|Any CPU.Deploy.0 = Debug|Any CPU
		{735887D7-D010-48A1-9C13-16177EEF4814}.Debug|x64.ActiveCfg = Debug|Any CPU
		{735887D7-D010-48A1-9C13-16177EEF4814}.Debug|x64.Build.0 = Debug|Any CPU
		{735887D7-D010-48A1-9C13-16177EEF4814}.Debug|x64.Deploy.0 = Debug|Any CPU
		{735887D7-D010-48A1-9C13-16177EEF4814}.Release|Any CPU.ActiveCfg = Release|Any CPU
		{735887D7-D010-48A1-9C13-16177EEF4814}.Release|Any CPU.Build.0 = Release|Any CPU
		{735887D7-D010-48A1-9C13-16177EEF4814}.Release|Any CPU.Deploy.0 = Release|Any CPU
		{735887D7-D010-48A1-9C13-16177EEF4814}.Release|x64.ActiveCfg = Release|Any CPU
		{735887D7-D010-48A1-9C13-16177EEF4814}.Release|x64.Build.0 = Release|Any CPU
		{735887D7-D010-48A1-9C13-16177EEF4814}.Release|x64.Deploy.0 = Release|Any CPU
		{7ECC5515-7682-41DC-B68C-EDC0CC6026A9}.Debug|Any CPU.ActiveCfg = Debug|Any CPU
		{7ECC5515-7682-41DC-B68C-EDC0CC6026A9}.Debug|Any CPU.Build.0 = Debug|Any CPU
		{7ECC5515-7682-41DC-B68C-EDC0CC6026A9}.Debug|x64.ActiveCfg = Debug|Any CPU
		{7ECC5515-7682-41DC-B68C-EDC0CC6026A9}.Debug|x64.Build.0 = Debug|Any CPU
		{7ECC5515-7682-41DC-B68C-EDC0CC6026A9}.Release|Any CPU.ActiveCfg = Release|Any CPU
		{7ECC5515-7682-41DC-B68C-EDC0CC6026A9}.Release|Any CPU.Build.0 = Release|Any CPU
		{7ECC5515-7682-41DC-B68C-EDC0CC6026A9}.Release|x64.ActiveCfg = Release|Any CPU
		{7ECC5515-7682-41DC-B68C-EDC0CC6026A9}.Release|x64.Build.0 = Release|Any CPU
		{FF2461DA-6830-407B-99AD-5F5F935289E5}.Debug|Any CPU.ActiveCfg = Debug|Any CPU
		{FF2461DA-6830-407B-99AD-5F5F935289E5}.Debug|Any CPU.Build.0 = Debug|Any CPU
		{FF2461DA-6830-407B-99AD-5F5F935289E5}.Debug|x64.ActiveCfg = Debug|Any CPU
		{FF2461DA-6830-407B-99AD-5F5F935289E5}.Debug|x64.Build.0 = Debug|Any CPU
		{FF2461DA-6830-407B-99AD-5F5F935289E5}.Release|Any CPU.ActiveCfg = Release|Any CPU
		{FF2461DA-6830-407B-99AD-5F5F935289E5}.Release|Any CPU.Build.0 = Release|Any CPU
		{FF2461DA-6830-407B-99AD-5F5F935289E5}.Release|x64.ActiveCfg = Release|Any CPU
		{FF2461DA-6830-407B-99AD-5F5F935289E5}.Release|x64.Build.0 = Release|Any CPU
	EndGlobalSection
	GlobalSection(SolutionProperties) = preSolution
		HideSolutionNode = FALSE
	EndGlobalSection
	GlobalSection(ExtensibilityGlobals) = postSolution
		SolutionGuid = {B2C3B25E-B01B-4EE4-AB40-CAAC3D751FC6}
	EndGlobalSection
EndGlobal
